
Microsoft Visual Studio Solution File, Format Version 12.00
# Visual Studio Version 17
VisualStudioVersion = 17.2.32516.85
MinimumVisualStudioVersion = 10.0.40219.1
Project("{9A19103F-16F7-4668-BE54-9A1E7A4F7556}") = "DMX.Core.Api", "DMX.Core.Api\DMX.Core.Api.csproj", "{9AFECF92-B1F6-497A-83B1-F128CB2352CA}"
EndProject
Project("{9A19103F-16F7-4668-BE54-9A1E7A4F7556}") = "DMX.Core.Api.Tests.Acceptance", "DMX.Core.Api.Tests.Acceptance\DMX.Core.Api.Tests.Acceptance.csproj", "{ECF33ABC-7544-4A27-8E6A-311B7A05AB49}"
EndProject
Project("{9A19103F-16F7-4668-BE54-9A1E7A4F7556}") = "DMX.Core.Api.Tests.Unit", "DMX.Core.Api.Tests.Unit\DMX.Core.Api.Tests.Unit.csproj", "{1A19BAFF-CCDA-4755-955F-20229F597628}"
EndProject
Project("{FAE04EC0-301F-11D3-BF4B-00C04F79EFBC}") = "DMX.Core.Api.Infrastructure.Provision", "DMX.Core.Api.Infrastructure.Provision\DMX.Core.Api.Infrastructure.Provision.csproj", "{80618794-C607-4DC3-9727-1A835EBE958B}"
EndProject
Global
	GlobalSection(SolutionConfigurationPlatforms) = preSolution
		Debug|Any CPU = Debug|Any CPU
		Release|Any CPU = Release|Any CPU
	EndGlobalSection
	GlobalSection(ProjectConfigurationPlatforms) = postSolution
		{9AFECF92-B1F6-497A-83B1-F128CB2352CA}.Debug|Any CPU.ActiveCfg = Debug|Any CPU
		{9AFECF92-B1F6-497A-83B1-F128CB2352CA}.Debug|Any CPU.Build.0 = Debug|Any CPU
		{9AFECF92-B1F6-497A-83B1-F128CB2352CA}.Release|Any CPU.ActiveCfg = Release|Any CPU
		{9AFECF92-B1F6-497A-83B1-F128CB2352CA}.Release|Any CPU.Build.0 = Release|Any CPU
		{ECF33ABC-7544-4A27-8E6A-311B7A05AB49}.Debug|Any CPU.ActiveCfg = Debug|Any CPU
		{ECF33ABC-7544-4A27-8E6A-311B7A05AB49}.Debug|Any CPU.Build.0 = Debug|Any CPU
		{ECF33ABC-7544-4A27-8E6A-311B7A05AB49}.Release|Any CPU.ActiveCfg = Release|Any CPU
		{ECF33ABC-7544-4A27-8E6A-311B7A05AB49}.Release|Any CPU.Build.0 = Release|Any CPU
		{1A19BAFF-CCDA-4755-955F-20229F597628}.Debug|Any CPU.ActiveCfg = Debug|Any CPU
		{1A19BAFF-CCDA-4755-955F-20229F597628}.Debug|Any CPU.Build.0 = Debug|Any CPU
		{1A19BAFF-CCDA-4755-955F-20229F597628}.Release|Any CPU.ActiveCfg = Release|Any CPU
		{1A19BAFF-CCDA-4755-955F-20229F597628}.Release|Any CPU.Build.0 = Release|Any CPU
		{80618794-C607-4DC3-9727-1A835EBE958B}.Debug|Any CPU.ActiveCfg = Debug|Any CPU
		{80618794-C607-4DC3-9727-1A835EBE958B}.Debug|Any CPU.Build.0 = Debug|Any CPU
		{80618794-C607-4DC3-9727-1A835EBE958B}.Release|Any CPU.ActiveCfg = Release|Any CPU
		{80618794-C607-4DC3-9727-1A835EBE958B}.Release|Any CPU.Build.0 = Release|Any CPU
	EndGlobalSection
	GlobalSection(SolutionProperties) = preSolution
		HideSolutionNode = FALSE
	EndGlobalSection
	GlobalSection(ExtensibilityGlobals) = postSolution
		SolutionGuid = {4CF3BD35-07B6-4685-92B3-75A9107648DC}
	EndGlobalSection
EndGlobal
